<?xml version="1.0" encoding="utf-8"?>
<Project ToolsVersion="4.0" xmlns="http://schemas.microsoft.com/developer/msbuild/2003">
  <ItemGroup>
    <Filter Include="Kernels">
      <UniqueIdentifier>{519487e5-3a12-48d5-ba35-c8da4d3eebd9}</UniqueIdentifier>
    </Filter>
    <Filter Include="GPUController">
      <UniqueIdentifier>{4f6c6b19-9095-4568-937a-5563140d0441}</UniqueIdentifier>
    </Filter>
  </ItemGroup>
  <ItemGroup>
    <ClCompile Include="GPUController.cpp">
      <Filter>GPUController</Filter>
    </ClCompile>
    <ClCompile Include="main.cpp" />
    <ClCompile Include="singleHash.cpp">
      <Filter>GPUController</Filter>
    </ClCompile>
    <ClCompile Include="singleHashSalted.cpp">
      <Filter>GPUController</Filter>
    </ClCompile>
    <ClCompile Include="multiHash.cpp">
      <Filter>GPUController</Filter>
    </ClCompile>
    <ClCompile Include="platform.cpp">
      <Filter>GPUController</Filter>
    </ClCompile>
    <ClCompile Include="crackSingle.cpp">
      <Filter>GPUController</Filter>
    </ClCompile>
  </ItemGroup>
  <ItemGroup>
    <None Include="hash_multiple.kernel.cl">
      <Filter>Kernels</Filter>
    </None>
    <None Include="hash_single.kernel.cl">
      <Filter>Kernels</Filter>
    </None>
    <None Include="hash_single_salt.kernel.cl">
      <Filter>Kernels</Filter>
    </None>
    <None Include="crack_single.kernel.cl">
      <Filter>Kernels</Filter>
    </None>
  </ItemGroup>
  <ItemGroup>
    <ClInclude Include="GPUController.hpp">
      <Filter>GPUController</Filter>
    </ClInclude>
  </ItemGroup>
</Project>