
Microsoft Visual Studio Solution File, Format Version 12.00
# Visual Studio Version 16
VisualStudioVersion = 16.0.29911.84
MinimumVisualStudioVersion = 10.0.40219.1
Project("{8BC9CEB8-8B4A-11D0-8D11-00A0C91BC942}") = "SHA256CPU", "SHA256CPU\SHA256CPU.vcxproj", "{BC856B90-408A-4503-B45E-7487EDAA4647}"
EndProject
Project("{8BC9CEB8-8B4A-11D0-8D11-00A0C91BC942}") = "SHA256GPU", "SHA256GPU\SHA256GPU.vcxproj", "{0A026F82-A7AC-4A3F-AEBE-A11F16FC0008}"
EndProject
Project("{8BC9CEB8-8B4A-11D0-8D11-00A0C91BC942}") = "PasswordUtilities", "PasswordUtilities\PasswordUtilities.vcxproj", "{61D23BF2-4D22-491A-B483-9F01A1FB2B2C}"
EndProject
Global
	GlobalSection(SolutionConfigurationPlatforms) = preSolution
		Debug|x64 = Debug|x64
		Debug|x86 = Debug|x86
		Release|x64 = Release|x64
		Release|x86 = Release|x86
	EndGlobalSection
	GlobalSection(ProjectConfigurationPlatforms) = postSolution
		{BC856B90-408A-4503-B45E-7487EDAA4647}.Debug|x64.ActiveCfg = Debug|x64
		{BC856B90-408A-4503-B45E-7487EDAA4647}.Debug|x64.Build.0 = Debug|x64
		{BC856B90-408A-4503-B45E-7487EDAA4647}.Debug|x86.ActiveCfg = Debug|Win32
		{BC856B90-408A-4503-B45E-7487EDAA4647}.Debug|x86.Build.0 = Debug|Win32
		{BC856B90-408A-4503-B45E-7487EDAA4647}.Release|x64.ActiveCfg = Release|x64
		{BC856B90-408A-4503-B45E-7487EDAA4647}.Release|x64.Build.0 = Release|x64
		{BC856B90-408A-4503-B45E-7487EDAA4647}.Release|x86.ActiveCfg = Release|Win32
		{BC856B90-408A-4503-B45E-7487EDAA4647}.Release|x86.Build.0 = Release|Win32
		{0A026F82-A7AC-4A3F-AEBE-A11F16FC0008}.Debug|x64.ActiveCfg = Debug|x64
		{0A026F82-A7AC-4A3F-AEBE-A11F16FC0008}.Debug|x64.Build.0 = Debug|x64
		{0A026F82-A7AC-4A3F-AEBE-A11F16FC0008}.Debug|x86.ActiveCfg = Debug|Win32
		{0A026F82-A7AC-4A3F-AEBE-A11F16FC0008}.Debug|x86.Build.0 = Debug|Win32
		{0A026F82-A7AC-4A3F-AEBE-A11F16FC0008}.Release|x64.ActiveCfg = Release|x64
		{0A026F82-A7AC-4A3F-AEBE-A11F16FC0008}.Release|x64.Build.0 = Release|x64
		{0A026F82-A7AC-4A3F-AEBE-A11F16FC0008}.Release|x86.ActiveCfg = Release|Win32
		{0A026F82-A7AC-4A3F-AEBE-A11F16FC0008}.Release|x86.Build.0 = Release|Win32
		{61D23BF2-4D22-491A-B483-9F01A1FB2B2C}.Debug|x64.ActiveCfg = Debug|x64
		{61D23BF2-4D22-491A-B483-9F01A1FB2B2C}.Debug|x64.Build.0 = Debug|x64
		{61D23BF2-4D22-491A-B483-9F01A1FB2B2C}.Debug|x86.ActiveCfg = Debug|Win32
		{61D23BF2-4D22-491A-B483-9F01A1FB2B2C}.Debug|x86.Build.0 = Debug|Win32
		{61D23BF2-4D22-491A-B483-9F01A1FB2B2C}.Release|x64.ActiveCfg = Release|x64
		{61D23BF2-4D22-491A-B483-9F01A1FB2B2C}.Release|x64.Build.0 = Release|x64
		{61D23BF2-4D22-491A-B483-9F01A1FB2B2C}.Release|x86.ActiveCfg = Release|Win32
		{61D23BF2-4D22-491A-B483-9F01A1FB2B2C}.Release|x86.Build.0 = Release|Win32
	EndGlobalSection
	GlobalSection(SolutionProperties) = preSolution
		HideSolutionNode = FALSE
	EndGlobalSection
	GlobalSection(ExtensibilityGlobals) = postSolution
		SolutionGuid = {3CD912BD-70D5-4153-AE5B-4A9776A16E66}
	EndGlobalSection
EndGlobal
